<Solution>
  <Folder Name="/Task0/">
    <Project Path="Tyuiu.TyanVA.Sprint0.Task0.V0/Tyuiu.TyanVA.Sprint0.Task0.V0.csproj" />
  </Folder>
  <Folder Name="/Task1/">
    <Project Path="Tyuiu.TyanVA.Sprint0.Task1.V0/Tyuiu.TyanVA.Sprint0.Task1.V0.csproj" />
  </Folder>
  <Folder Name="/Task2/">
    <Project Path="Tyuiu.TyanVA.Sprint0.Task2.V0.Lib/Tyuiu.TyanVA.Sprint0.Task2.V0.Lib.csproj" Id="a03a9669-82d4-40db-b2e5-21d9ebebb381" />
    <Project Path="Tyuiu.TyanVA.Sprint0.Task2.V0.Test/Tyuiu.TyanVA.Sprint0.Task2.V0.Test.csproj" Id="b377721c-e37d-4097-9dd1-98fd8d1de1a2" />
    <Project Path="Tyuiu.TyanVA.Sprint0.Task2.V0/Tyuiu.TyanVA.Sprint0.Task2.V0.csproj" Id="09f34c7c-8be8-4116-92d8-32a2a9ad480b" />
  </Folder>
  <Folder Name="/Task3/">
    <Project Path="Tyuiu.TyanVA.Sprint0.Task3.V0.Lib/Tyuiu.TyanVA.Sprint0.Task3.V0.Lib.csproj" Id="4d657d75-5fa0-4ceb-b8b2-a2a380f68720" />
    <Project Path="Tyuiu.TyanVA.Sprint0.Task3.V0.Test/Tyuiu.TyanVA.Sprint0.Task3.V0.Test.csproj" Id="77e2ac03-e13e-48aa-91bd-f2a88fb0208a" />
    <Project Path="Tyuiu.TyanVA.Sprint0.Task3.V0/Tyuiu.TyanVA.Sprint0.Task3.V0.csproj" Id="9f5e0e79-f588-4ebc-9cad-11ef0893b000" />
  </Folder>
  <Folder Name="/Task4/">
    <Project Path="Tyuiu.TyanVA.Sprint0.Task4.V0.Lib/Tyuiu.TyanVA.Sprint0.Task4.V0.Lib.csproj" Id="23ea756d-c264-4db7-a74c-aff16a344994" />
    <Project Path="Tyuiu.TyanVA.Sprint0.Task4.V0.Test/Tyuiu.TyanVA.Sprint0.Task4.V0.Test.csproj" Id="e4be83c0-da4a-42cd-9f67-9c3315f5b4c4" />
    <Project Path="Tyuiu.TyanVA.Sprint0.Task4.V0/Tyuiu.TyanVA.Sprint0.Task4.V0.csproj" Id="8a56d72d-a6bf-4d19-b524-bb993a9d0b62" />
  </Folder>
  <Folder Name="/Task5/">
    <Project Path="Tyuiu.TyanVA.Sprint0.Task5.V0.Lib/Tyuiu.TyanVA.Sprint0.Task5.V0.Lib.csproj" Id="00d74dc4-401d-4328-ad96-c7f7aea74143" />
    <Project Path="Tyuiu.TyanVA.Sprint0.Task5.V0.Test/Tyuiu.TyanVA.Sprint0.Task5.V0.Test.csproj" Id="3ea9fd2f-db4b-467f-b63b-40fb6c419b29" />
    <Project Path="Tyuiu.TyanVA.Sprint0.Task5.V0/Tyuiu.TyanVA.Sprint0.Task5.V0.csproj" Id="62dbe3ce-46b2-4eca-af1c-d2acd4202cb9" />
  </Folder>
  <Folder Name="/Task6/">
    <Project Path="Tyuiu.TyanVA.Sprint0.Task6.V0.Lib/Tyuiu.TyanVA.Sprint0.Task6.V0.Lib.csproj" Id="6225ed9e-b26b-425e-825d-c9b6df084db1" />
    <Project Path="Tyuiu.TyanVA.Sprint0.Task6.V0.Test/Tyuiu.TyanVA.Sprint0.Task6.V0.Test.csproj" Id="a1c9f598-1639-46b2-9876-09707a17a18d" />
    <Project Path="Tyuiu.TyanVA.Sprint0.Task6.V0/Tyuiu.TyanVA.Sprint0.Task6.V0.csproj" Id="786492a6-da31-4e91-afc5-cf2a2bebb633" />
  </Folder>
</Solution>
